// !$*UTF8*$!
{
	archiveVersion = 1;
	classes = {
	};
	objectVersion = 56;
	objects = {

/* Begin PBXBuildFile section */
		AA5FEF4D2CB0659700820DAE /* AmplifyModels.swift in Sources */ = {isa = PBXBuildFile; fileRef = AA5FEF4B2CB0659700820DAE /* AmplifyModels.swift */; };
		AA5FEF4E2CB0659700820DAE /* Note+Schema.swift in Sources */ = {isa = PBXBuildFile; fileRef = AA5FEF4C2CB0659700820DAE /* Note+Schema.swift */; };
		AA5FEF502CB084E100820DAE /* AWSS3StoragePlugin in Frameworks */ = {isa = PBXBuildFile; productRef = AA5FEF4F2CB084E100820DAE /* AWSS3StoragePlugin */; };
		AA5FEF522CB0850D00820DAE /* StorageService.swift in Sources */ = {isa = PBXBuildFile; fileRef = AA5FEF512CB0850D00820DAE /* StorageService.swift */; };
		AA5FEF542CB0852600820DAE /* RemoteImage.swift in Sources */ = {isa = PBXBuildFile; fileRef = AA5FEF532CB0852600820DAE /* RemoteImage.swift */; };
		AA5FEF562CB1CBF000820DAE /* PicturePicker.swift in Sources */ = {isa = PBXBuildFile; fileRef = AA5FEF552CB1CBF000820DAE /* PicturePicker.swift */; };
		AA5FEF582CB1CC0900820DAE /* SaveNoteView.swift in Sources */ = {isa = PBXBuildFile; fileRef = AA5FEF572CB1CC0900820DAE /* SaveNoteView.swift */; };
		AA8761732CAFAD9E00AB35DF /* catdairyApp.swift in Sources */ = {isa = PBXBuildFile; fileRef = AA8761722CAFAD9E00AB35DF /* catdairyApp.swift */; };
		AA8761752CAFAD9E00AB35DF /* ContentView.swift in Sources */ = {isa = PBXBuildFile; fileRef = AA8761742CAFAD9E00AB35DF /* ContentView.swift */; };
		AA8761772CAFADA000AB35DF /* Assets.xcassets in Resources */ = {isa = PBXBuildFile; fileRef = AA8761762CAFADA000AB35DF /* Assets.xcassets */; };
		AA87617A2CAFADA000AB35DF /* Preview Assets.xcassets in Resources */ = {isa = PBXBuildFile; fileRef = AA8761792CAFADA000AB35DF /* Preview Assets.xcassets */; };
		AA8761812CAFADAE00AB35DF /* amplify_outputs.json in Resources */ = {isa = PBXBuildFile; fileRef = AA8761802CAFADAE00AB35DF /* amplify_outputs.json */; };
		AA8761842CAFAE1100AB35DF /* AWSCognitoAuthPlugin in Frameworks */ = {isa = PBXBuildFile; productRef = AA8761832CAFAE1100AB35DF /* AWSCognitoAuthPlugin */; };
		AA8761862CAFAE1100AB35DF /* Amplify in Frameworks */ = {isa = PBXBuildFile; productRef = AA8761852CAFAE1100AB35DF /* Amplify */; };
		AA8761892CAFAE4500AB35DF /* Authenticator in Frameworks */ = {isa = PBXBuildFile; productRef = AA8761882CAFAE4500AB35DF /* Authenticator */; };
		AA87618B2CAFAF6700AB35DF /* Note.swift in Sources */ = {isa = PBXBuildFile; fileRef = AA87618A2CAFAF6700AB35DF /* Note.swift */; };
		AA87618D2CAFAF7700AB35DF /* NoteView.swift in Sources */ = {isa = PBXBuildFile; fileRef = AA87618C2CAFAF7700AB35DF /* NoteView.swift */; };
		AA87618F2CAFAF8900AB35DF /* NotesView.swift in Sources */ = {isa = PBXBuildFile; fileRef = AA87618E2CAFAF8900AB35DF /* NotesView.swift */; };
		AA8761912CAFB07800AB35DF /* AuthenticationService.swift in Sources */ = {isa = PBXBuildFile; fileRef = AA8761902CAFB07800AB35DF /* AuthenticationService.swift */; };
		AA8761932CAFB08E00AB35DF /* LandingView.swift in Sources */ = {isa = PBXBuildFile; fileRef = AA8761922CAFB08E00AB35DF /* LandingView.swift */; };
		AA8761952CAFB2E900AB35DF /* NotesService.swift in Sources */ = {isa = PBXBuildFile; fileRef = AA8761942CAFB2E900AB35DF /* NotesService.swift */; };
		AA8761982CAFB30C00AB35DF /* AWSAPIPlugin in Frameworks */ = {isa = PBXBuildFile; productRef = AA8761972CAFB30C00AB35DF /* AWSAPIPlugin */; };
/* End PBXBuildFile section */

/* Begin PBXFileReference section */
		AA5FEF4B2CB0659700820DAE /* AmplifyModels.swift */ = {isa = PBXFileReference; fileEncoding = 4; lastKnownFileType = sourcecode.swift; path = AmplifyModels.swift; sourceTree = "<group>"; };
		AA5FEF4C2CB0659700820DAE /* Note+Schema.swift */ = {isa = PBXFileReference; fileEncoding = 4; lastKnownFileType = sourcecode.swift; path = "Note+Schema.swift"; sourceTree = "<group>"; };
		AA5FEF512CB0850D00820DAE /* StorageService.swift */ = {isa = PBXFileReference; lastKnownFileType = sourcecode.swift; path = StorageService.swift; sourceTree = "<group>"; };
		AA5FEF532CB0852600820DAE /* RemoteImage.swift */ = {isa = PBXFileReference; lastKnownFileType = sourcecode.swift; path = RemoteImage.swift; sourceTree = "<group>"; };
		AA5FEF552CB1CBF000820DAE /* PicturePicker.swift */ = {isa = PBXFileReference; lastKnownFileType = sourcecode.swift; path = PicturePicker.swift; sourceTree = "<group>"; };
		AA5FEF572CB1CC0900820DAE /* SaveNoteView.swift */ = {isa = PBXFileReference; lastKnownFileType = sourcecode.swift; path = SaveNoteView.swift; sourceTree = "<group>"; };
		AA87616F2CAFAD9E00AB35DF /* catdairy.app */ = {isa = PBXFileReference; explicitFileType = wrapper.application; includeInIndex = 0; path = catdairy.app; sourceTree = BUILT_PRODUCTS_DIR; };
		AA8761722CAFAD9E00AB35DF /* catdairyApp.swift */ = {isa = PBXFileReference; lastKnownFileType = sourcecode.swift; path = catdairyApp.swift; sourceTree = "<group>"; };
		AA8761742CAFAD9E00AB35DF /* ContentView.swift */ = {isa = PBXFileReference; lastKnownFileType = sourcecode.swift; path = ContentView.swift; sourceTree = "<group>"; };
		AA8761762CAFADA000AB35DF /* Assets.xcassets */ = {isa = PBXFileReference; lastKnownFileType = folder.assetcatalog; path = Assets.xcassets; sourceTree = "<group>"; };
		AA8761792CAFADA000AB35DF /* Preview Assets.xcassets */ = {isa = PBXFileReference; lastKnownFileType = folder.assetcatalog; path = "Preview Assets.xcassets"; sourceTree = "<group>"; };
		AA8761802CAFADAE00AB35DF /* amplify_outputs.json */ = {isa = PBXFileReference; fileEncoding = 4; lastKnownFileType = text.json; path = amplify_outputs.json; sourceTree = "<group>"; };
		AA87618A2CAFAF6700AB35DF /* Note.swift */ = {isa = PBXFileReference; lastKnownFileType = sourcecode.swift; path = Note.swift; sourceTree = "<group>"; };
		AA87618C2CAFAF7700AB35DF /* NoteView.swift */ = {isa = PBXFileReference; lastKnownFileType = sourcecode.swift; path = NoteView.swift; sourceTree = "<group>"; };
		AA87618E2CAFAF8900AB35DF /* NotesView.swift */ = {isa = PBXFileReference; lastKnownFileType = sourcecode.swift; path = NotesView.swift; sourceTree = "<group>"; };
		AA8761902CAFB07800AB35DF /* AuthenticationService.swift */ = {isa = PBXFileReference; lastKnownFileType = sourcecode.swift; path = AuthenticationService.swift; sourceTree = "<group>"; };
		AA8761922CAFB08E00AB35DF /* LandingView.swift */ = {isa = PBXFileReference; lastKnownFileType = sourcecode.swift; path = LandingView.swift; sourceTree = "<group>"; };
		AA8761942CAFB2E900AB35DF /* NotesService.swift */ = {isa = PBXFileReference; lastKnownFileType = sourcecode.swift; path = NotesService.swift; sourceTree = "<group>"; };
/* End PBXFileReference section */

/* Begin PBXFrameworksBuildPhase section */
		AA87616C2CAFAD9E00AB35DF /* Frameworks */ = {
			isa = PBXFrameworksBuildPhase;
			buildActionMask = 2147483647;
			files = (
				AA5FEF502CB084E100820DAE /* AWSS3StoragePlugin in Frameworks */,
				AA8761982CAFB30C00AB35DF /* AWSAPIPlugin in Frameworks */,
				AA8761842CAFAE1100AB35DF /* AWSCognitoAuthPlugin in Frameworks */,
				AA8761862CAFAE1100AB35DF /* Amplify in Frameworks */,
				AA8761892CAFAE4500AB35DF /* Authenticator in Frameworks */,
			);
			runOnlyForDeploymentPostprocessing = 0;
		};
/* End PBXFrameworksBuildPhase section */

/* Begin PBXGroup section */
		AA8761662CAFAD9E00AB35DF = {
			isa = PBXGroup;
			children = (
				AA8761712CAFAD9E00AB35DF /* catdairy */,
				AA8761702CAFAD9E00AB35DF /* Products */,
				AA8761962CAFB30C00AB35DF /* Frameworks */,
			);
			sourceTree = "<group>";
		};
		AA8761702CAFAD9E00AB35DF /* Products */ = {
			isa = PBXGroup;
			children = (
				AA87616F2CAFAD9E00AB35DF /* catdairy.app */,
			);
			name = Products;
			sourceTree = "<group>";
		};
		AA8761712CAFAD9E00AB35DF /* catdairy */ = {
			isa = PBXGroup;
			children = (
				AA5FEF572CB1CC0900820DAE /* SaveNoteView.swift */,
				AA5FEF552CB1CBF000820DAE /* PicturePicker.swift */,
				AA5FEF4B2CB0659700820DAE /* AmplifyModels.swift */,
				AA5FEF4C2CB0659700820DAE /* Note+Schema.swift */,
				AA8761722CAFAD9E00AB35DF /* catdairyApp.swift */,
				AA87618C2CAFAF7700AB35DF /* NoteView.swift */,
				AA87618A2CAFAF6700AB35DF /* Note.swift */,
				AA8761742CAFAD9E00AB35DF /* ContentView.swift */,
				AA8761802CAFADAE00AB35DF /* amplify_outputs.json */,
				AA8761762CAFADA000AB35DF /* Assets.xcassets */,
				AA8761782CAFADA000AB35DF /* Preview Content */,
				AA87618E2CAFAF8900AB35DF /* NotesView.swift */,
				AA8761902CAFB07800AB35DF /* AuthenticationService.swift */,
				AA8761922CAFB08E00AB35DF /* LandingView.swift */,
				AA8761942CAFB2E900AB35DF /* NotesService.swift */,
				AA5FEF512CB0850D00820DAE /* StorageService.swift */,
				AA5FEF532CB0852600820DAE /* RemoteImage.swift */,
			);
			path = catdairy;
			sourceTree = "<group>";
		};
		AA8761782CAFADA000AB35DF /* Preview Content */ = {
			isa = PBXGroup;
			children = (
				AA8761792CAFADA000AB35DF /* Preview Assets.xcassets */,
			);
			path = "Preview Content";
			sourceTree = "<group>";
		};
		AA8761962CAFB30C00AB35DF /* Frameworks */ = {
			isa = PBXGroup;
			children = (
			);
			name = Frameworks;
			sourceTree = "<group>";
		};
/* End PBXGroup section */

/* Begin PBXNativeTarget section */
		AA87616E2CAFAD9E00AB35DF /* catdairy */ = {
			isa = PBXNativeTarget;
			buildConfigurationList = AA87617D2CAFADA000AB35DF /* Build configuration list for PBXNativeTarget "catdairy" */;
			buildPhases = (
				AA87616B2CAFAD9E00AB35DF /* Sources */,
				AA87616C2CAFAD9E00AB35DF /* Frameworks */,
				AA87616D2CAFAD9E00AB35DF /* Resources */,
			);
			buildRules = (
			);
			dependencies = (
			);
			name = catdairy;
			packageProductDependencies = (
				AA8761832CAFAE1100AB35DF /* AWSCognitoAuthPlugin */,
				AA8761852CAFAE1100AB35DF /* Amplify */,
				AA8761882CAFAE4500AB35DF /* Authenticator */,
				AA8761972CAFB30C00AB35DF /* AWSAPIPlugin */,
				AA5FEF4F2CB084E100820DAE /* AWSS3StoragePlugin */,
			);
			productName = catdairy;
			productReference = AA87616F2CAFAD9E00AB35DF /* catdairy.app */;
			productType = "com.apple.product-type.application";
		};
/* End PBXNativeTarget section */

/* Begin PBXProject section */
		AA8761672CAFAD9E00AB35DF /* Project object */ = {
			isa = PBXProject;
			attributes = {
				BuildIndependentTargetsInParallel = 1;
				LastSwiftUpdateCheck = 1530;
				LastUpgradeCheck = 1530;
				TargetAttributes = {
					AA87616E2CAFAD9E00AB35DF = {
						CreatedOnToolsVersion = 15.3;
					};
				};
			};
			buildConfigurationList = AA87616A2CAFAD9E00AB35DF /* Build configuration list for PBXProject "catdairy" */;
			compatibilityVersion = "Xcode 14.0";
			developmentRegion = en;
			hasScannedForEncodings = 0;
			knownRegions = (
				en,
				Base,
			);
			mainGroup = AA8761662CAFAD9E00AB35DF;
			packageReferences = (
				AA8761822CAFAE1100AB35DF /* XCRemoteSwiftPackageReference "amplify-swift" */,
				AA8761872CAFAE4500AB35DF /* XCRemoteSwiftPackageReference "amplify-ui-swift-authenticator" */,
			);
			productRefGroup = AA8761702CAFAD9E00AB35DF /* Products */;
			projectDirPath = "";
			projectRoot = "";
			targets = (
				AA87616E2CAFAD9E00AB35DF /* catdairy */,
			);
		};
/* End PBXProject section */

/* Begin PBXResourcesBuildPhase section */
		AA87616D2CAFAD9E00AB35DF /* Resources */ = {
			isa = PBXResourcesBuildPhase;
			buildActionMask = 2147483647;
			files = (
				AA8761812CAFADAE00AB35DF /* amplify_outputs.json in Resources */,
				AA87617A2CAFADA000AB35DF /* Preview Assets.xcassets in Resources */,
				AA8761772CAFADA000AB35DF /* Assets.xcassets in Resources */,
			);
			runOnlyForDeploymentPostprocessing = 0;
		};
/* End PBXResourcesBuildPhase section */

/* Begin PBXSourcesBuildPhase section */
		AA87616B2CAFAD9E00AB35DF /* Sources */ = {
			isa = PBXSourcesBuildPhase;
			buildActionMask = 2147483647;
			files = (
				AA8761752CAFAD9E00AB35DF /* ContentView.swift in Sources */,
				AA8761732CAFAD9E00AB35DF /* catdairyApp.swift in Sources */,
				AA5FEF4E2CB0659700820DAE /* Note+Schema.swift in Sources */,
				AA5FEF542CB0852600820DAE /* RemoteImage.swift in Sources */,
				AA8761932CAFB08E00AB35DF /* LandingView.swift in Sources */,
				AA5FEF582CB1CC0900820DAE /* SaveNoteView.swift in Sources */,
				AA87618F2CAFAF8900AB35DF /* NotesView.swift in Sources */,
				AA5FEF4D2CB0659700820DAE /* AmplifyModels.swift in Sources */,
				AA8761912CAFB07800AB35DF /* AuthenticationService.swift in Sources */,
				AA5FEF562CB1CBF000820DAE /* PicturePicker.swift in Sources */,
				AA87618D2CAFAF7700AB35DF /* NoteView.swift in Sources */,
				AA87618B2CAFAF6700AB35DF /* Note.swift in Sources */,
				AA5FEF522CB0850D00820DAE /* StorageService.swift in Sources */,
				AA8761952CAFB2E900AB35DF /* NotesService.swift in Sources */,
			);
			runOnlyForDeploymentPostprocessing = 0;
		};
/* End PBXSourcesBuildPhase section */

/* Begin XCBuildConfiguration section */
		AA87617B2CAFADA000AB35DF /* Debug */ = {
			isa = XCBuildConfiguration;
			buildSettings = {
				ALWAYS_SEARCH_USER_PATHS = NO;
				ASSETCATALOG_COMPILER_GENERATE_SWIFT_ASSET_SYMBOL_EXTENSIONS = YES;
				CLANG_ANALYZER_NONNULL = YES;
				CLANG_ANALYZER_NUMBER_OBJECT_CONVERSION = YES_AGGRESSIVE;
				CLANG_CXX_LANGUAGE_STANDARD = "gnu++20";
				CLANG_ENABLE_MODULES = YES;
				CLANG_ENABLE_OBJC_ARC = YES;
				CLANG_ENABLE_OBJC_WEAK = YES;
				CLANG_WARN_BLOCK_CAPTURE_AUTORELEASING = YES;
				CLANG_WARN_BOOL_CONVERSION = YES;
				CLANG_WARN_COMMA = YES;
				CLANG_WARN_CONSTANT_CONVERSION = YES;
				CLANG_WARN_DEPRECATED_OBJC_IMPLEMENTATIONS = YES;
				CLANG_WARN_DIRECT_OBJC_ISA_USAGE = YES_ERROR;
				CLANG_WARN_DOCUMENTATION_COMMENTS = YES;
				CLANG_WARN_EMPTY_BODY = YES;
				CLANG_WARN_ENUM_CONVERSION = YES;
				CLANG_WARN_INFINITE_RECURSION = YES;
				CLANG_WARN_INT_CONVERSION = YES;
				CLANG_WARN_NON_LITERAL_NULL_CONVERSION = YES;
				CLANG_WARN_OBJC_IMPLICIT_RETAIN_SELF = YES;
				CLANG_WARN_OBJC_LITERAL_CONVERSION = YES;
				CLANG_WARN_OBJC_ROOT_CLASS = YES_ERROR;
				CLANG_WARN_QUOTED_INCLUDE_IN_FRAMEWORK_HEADER = YES;
				CLANG_WARN_RANGE_LOOP_ANALYSIS = YES;
				CLANG_WARN_STRICT_PROTOTYPES = YES;
				CLANG_WARN_SUSPICIOUS_MOVE = YES;
				CLANG_WARN_UNGUARDED_AVAILABILITY = YES_AGGRESSIVE;
				CLANG_WARN_UNREACHABLE_CODE = YES;
				CLANG_WARN__DUPLICATE_METHOD_MATCH = YES;
				COPY_PHASE_STRIP = NO;
				DEBUG_INFORMATION_FORMAT = dwarf;
				ENABLE_STRICT_OBJC_MSGSEND = YES;
				ENABLE_TESTABILITY = YES;
				ENABLE_USER_SCRIPT_SANDBOXING = YES;
				GCC_C_LANGUAGE_STANDARD = gnu17;
				GCC_DYNAMIC_NO_PIC = NO;
				GCC_NO_COMMON_BLOCKS = YES;
				GCC_OPTIMIZATION_LEVEL = 0;
				GCC_PREPROCESSOR_DEFINITIONS = (
					"DEBUG=1",
					"$(inherited)",
				);
				GCC_WARN_64_TO_32_BIT_CONVERSION = YES;
				GCC_WARN_ABOUT_RETURN_TYPE = YES_ERROR;
				GCC_WARN_UNDECLARED_SELECTOR = YES;
				GCC_WARN_UNINITIALIZED_AUTOS = YES_AGGRESSIVE;
				GCC_WARN_UNUSED_FUNCTION = YES;
				GCC_WARN_UNUSED_VARIABLE = YES;
				IPHONEOS_DEPLOYMENT_TARGET = 17.4;
				LOCALIZATION_PREFERS_STRING_CATALOGS = YES;
				MTL_ENABLE_DEBUG_INFO = INCLUDE_SOURCE;
				MTL_FAST_MATH = YES;
				ONLY_ACTIVE_ARCH = YES;
				SDKROOT = iphoneos;
				SWIFT_ACTIVE_COMPILATION_CONDITIONS = "DEBUG $(inherited)";
				SWIFT_OPTIMIZATION_LEVEL = "-Onone";
			};
			name = Debug;
		};
		AA87617C2CAFADA000AB35DF /* Release */ = {
			isa = XCBuildConfiguration;
			buildSettings = {
				ALWAYS_SEARCH_USER_PATHS = NO;
				ASSETCATALOG_COMPILER_GENERATE_SWIFT_ASSET_SYMBOL_EXTENSIONS = YES;
				CLANG_ANALYZER_NONNULL = YES;
				CLANG_ANALYZER_NUMBER_OBJECT_CONVERSION = YES_AGGRESSIVE;
				CLANG_CXX_LANGUAGE_STANDARD = "gnu++20";
				CLANG_ENABLE_MODULES = YES;
				CLANG_ENABLE_OBJC_ARC = YES;
				CLANG_ENABLE_OBJC_WEAK = YES;
				CLANG_WARN_BLOCK_CAPTURE_AUTORELEASING = YES;
				CLANG_WARN_BOOL_CONVERSION = YES;
				CLANG_WARN_COMMA = YES;
				CLANG_WARN_CONSTANT_CONVERSION = YES;
				CLANG_WARN_DEPRECATED_OBJC_IMPLEMENTATIONS = YES;
				CLANG_WARN_DIRECT_OBJC_ISA_USAGE = YES_ERROR;
				CLANG_WARN_DOCUMENTATION_COMMENTS = YES;
				CLANG_WARN_EMPTY_BODY = YES;
				CLANG_WARN_ENUM_CONVERSION = YES;
				CLANG_WARN_INFINITE_RECURSION = YES;
				CLANG_WARN_INT_CONVERSION = YES;
				CLANG_WARN_NON_LITERAL_NULL_CONVERSION = YES;
				CLANG_WARN_OBJC_IMPLICIT_RETAIN_SELF = YES;
				CLANG_WARN_OBJC_LITERAL_CONVERSION = YES;
				CLANG_WARN_OBJC_ROOT_CLASS = YES_ERROR;
				CLANG_WARN_QUOTED_INCLUDE_IN_FRAMEWORK_HEADER = YES;
				CLANG_WARN_RANGE_LOOP_ANALYSIS = YES;
				CLANG_WARN_STRICT_PROTOTYPES = YES;
				CLANG_WARN_SUSPICIOUS_MOVE = YES;
				CLANG_WARN_UNGUARDED_AVAILABILITY = YES_AGGRESSIVE;
				CLANG_WARN_UNREACHABLE_CODE = YES;
				CLANG_WARN__DUPLICATE_METHOD_MATCH = YES;
				COPY_PHASE_STRIP = NO;
				DEBUG_INFORMATION_FORMAT = "dwarf-with-dsym";
				ENABLE_NS_ASSERTIONS = NO;
				ENABLE_STRICT_OBJC_MSGSEND = YES;
				ENABLE_USER_SCRIPT_SANDBOXING = YES;
				GCC_C_LANGUAGE_STANDARD = gnu17;
				GCC_NO_COMMON_BLOCKS = YES;
				GCC_WARN_64_TO_32_BIT_CONVERSION = YES;
				GCC_WARN_ABOUT_RETURN_TYPE = YES_ERROR;
				GCC_WARN_UNDECLARED_SELECTOR = YES;
				GCC_WARN_UNINITIALIZED_AUTOS = YES_AGGRESSIVE;
				GCC_WARN_UNUSED_FUNCTION = YES;
				GCC_WARN_UNUSED_VARIABLE = YES;
				IPHONEOS_DEPLOYMENT_TARGET = 17.4;
				LOCALIZATION_PREFERS_STRING_CATALOGS = YES;
				MTL_ENABLE_DEBUG_INFO = NO;
				MTL_FAST_MATH = YES;
				SDKROOT = iphoneos;
				SWIFT_COMPILATION_MODE = wholemodule;
				VALIDATE_PRODUCT = YES;
			};
			name = Release;
		};
		AA87617E2CAFADA000AB35DF /* Debug */ = {
			isa = XCBuildConfiguration;
			buildSettings = {
				ASSETCATALOG_COMPILER_APPICON_NAME = AppIcon;
				ASSETCATALOG_COMPILER_GLOBAL_ACCENT_COLOR_NAME = AccentColor;
				CODE_SIGN_STYLE = Automatic;
				CURRENT_PROJECT_VERSION = 1;
				DEVELOPMENT_ASSET_PATHS = "\"catdairy/Preview Content\"";
				DEVELOPMENT_TEAM = MHZTH92NWW;
				ENABLE_PREVIEWS = YES;
				GENERATE_INFOPLIST_FILE = YES;
				INFOPLIST_KEY_UIApplicationSceneManifest_Generation = YES;
				INFOPLIST_KEY_UIApplicationSupportsIndirectInputEvents = YES;
				INFOPLIST_KEY_UILaunchScreen_Generation = YES;
				INFOPLIST_KEY_UISupportedInterfaceOrientations_iPad = "UIInterfaceOrientationPortrait UIInterfaceOrientationPortraitUpsideDown UIInterfaceOrientationLandscapeLeft UIInterfaceOrientationLandscapeRight";
				INFOPLIST_KEY_UISupportedInterfaceOrientations_iPhone = "UIInterfaceOrientationPortrait UIInterfaceOrientationLandscapeLeft UIInterfaceOrientationLandscapeRight";
				LD_RUNPATH_SEARCH_PATHS = (
					"$(inherited)",
					"@executable_path/Frameworks",
				);
				MARKETING_VERSION = 1.0;
				PRODUCT_BUNDLE_IDENTIFIER = com.lechaton.catdairy;
				PRODUCT_NAME = "$(TARGET_NAME)";
				SWIFT_EMIT_LOC_STRINGS = YES;
				SWIFT_VERSION = 5.0;
				TARGETED_DEVICE_FAMILY = "1,2";
			};
			name = Debug;
		};
		AA87617F2CAFADA000AB35DF /* Release */ = {
			isa = XCBuildConfiguration;
			buildSettings = {
				ASSETCATALOG_COMPILER_APPICON_NAME = AppIcon;
				ASSETCATALOG_COMPILER_GLOBAL_ACCENT_COLOR_NAME = AccentColor;
				CODE_SIGN_STYLE = Automatic;
				CURRENT_PROJECT_VERSION = 1;
				DEVELOPMENT_ASSET_PATHS = "\"catdairy/Preview Content\"";
				DEVELOPMENT_TEAM = MHZTH92NWW;
				ENABLE_PREVIEWS = YES;
				GENERATE_INFOPLIST_FILE = YES;
				INFOPLIST_KEY_UIApplicationSceneManifest_Generation = YES;
				INFOPLIST_KEY_UIApplicationSupportsIndirectInputEvents = YES;
				INFOPLIST_KEY_UILaunchScreen_Generation = YES;
				INFOPLIST_KEY_UISupportedInterfaceOrientations_iPad = "UIInterfaceOrientationPortrait UIInterfaceOrientationPortraitUpsideDown UIInterfaceOrientationLandscapeLeft UIInterfaceOrientationLandscapeRight";
				INFOPLIST_KEY_UISupportedInterfaceOrientations_iPhone = "UIInterfaceOrientationPortrait UIInterfaceOrientationLandscapeLeft UIInterfaceOrientationLandscapeRight";
				LD_RUNPATH_SEARCH_PATHS = (
					"$(inherited)",
					"@executable_path/Frameworks",
				);
				MARKETING_VERSION = 1.0;
				PRODUCT_BUNDLE_IDENTIFIER = com.lechaton.catdairy;
				PRODUCT_NAME = "$(TARGET_NAME)";
				SWIFT_EMIT_LOC_STRINGS = YES;
				SWIFT_VERSION = 5.0;
				TARGETED_DEVICE_FAMILY = "1,2";
			};
			name = Release;
		};
/* End XCBuildConfiguration section */

/* Begin XCConfigurationList section */
		AA87616A2CAFAD9E00AB35DF /* Build configuration list for PBXProject "catdairy" */ = {
			isa = XCConfigurationList;
			buildConfigurations = (
				AA87617B2CAFADA000AB35DF /* Debug */,
				AA87617C2CAFADA000AB35DF /* Release */,
			);
			defaultConfigurationIsVisible = 0;
			defaultConfigurationName = Release;
		};
		AA87617D2CAFADA000AB35DF /* Build configuration list for PBXNativeTarget "catdairy" */ = {
			isa = XCConfigurationList;
			buildConfigurations = (
				AA87617E2CAFADA000AB35DF /* Debug */,
				AA87617F2CAFADA000AB35DF /* Release */,
			);
			defaultConfigurationIsVisible = 0;
			defaultConfigurationName = Release;
		};
/* End XCConfigurationList section */

/* Begin XCRemoteSwiftPackageReference section */
		AA8761822CAFAE1100AB35DF /* XCRemoteSwiftPackageReference "amplify-swift" */ = {
			isa = XCRemoteSwiftPackageReference;
			repositoryURL = "https://github.com/aws-amplify/amplify-swift";
			requirement = {
				kind = upToNextMajorVersion;
				minimumVersion = 2.42.1;
			};
		};
		AA8761872CAFAE4500AB35DF /* XCRemoteSwiftPackageReference "amplify-ui-swift-authenticator" */ = {
			isa = XCRemoteSwiftPackageReference;
			repositoryURL = "https://github.com/aws-amplify/amplify-ui-swift-authenticator";
			requirement = {
				kind = upToNextMajorVersion;
				minimumVersion = 1.1.8;
			};
		};
/* End XCRemoteSwiftPackageReference section */

/* Begin XCSwiftPackageProductDependency section */
		AA5FEF4F2CB084E100820DAE /* AWSS3StoragePlugin */ = {
			isa = XCSwiftPackageProductDependency;
			package = AA8761822CAFAE1100AB35DF /* XCRemoteSwiftPackageReference "amplify-swift" */;
			productName = AWSS3StoragePlugin;
		};
		AA8761832CAFAE1100AB35DF /* AWSCognitoAuthPlugin */ = {
			isa = XCSwiftPackageProductDependency;
			package = AA8761822CAFAE1100AB35DF /* XCRemoteSwiftPackageReference "amplify-swift" */;
			productName = AWSCognitoAuthPlugin;
		};
		AA8761852CAFAE1100AB35DF /* Amplify */ = {
			isa = XCSwiftPackageProductDependency;
			package = AA8761822CAFAE1100AB35DF /* XCRemoteSwiftPackageReference "amplify-swift" */;
			productName = Amplify;
		};
		AA8761882CAFAE4500AB35DF /* Authenticator */ = {
			isa = XCSwiftPackageProductDependency;
			package = AA8761872CAFAE4500AB35DF /* XCRemoteSwiftPackageReference "amplify-ui-swift-authenticator" */;
			productName = Authenticator;
		};
		AA8761972CAFB30C00AB35DF /* AWSAPIPlugin */ = {
			isa = XCSwiftPackageProductDependency;
			package = AA8761822CAFAE1100AB35DF /* XCRemoteSwiftPackageReference "amplify-swift" */;
			productName = AWSAPIPlugin;
		};
/* End XCSwiftPackageProductDependency section */
	};
	rootObject = AA8761672CAFAD9E00AB35DF /* Project object */;
}
